// !$*UTF8*$!
{
	archiveVersion = 1;
	classes = {
	};
	objectVersion = 46;
	objects = {

/* Begin PBXBuildFile section */
		2DA2BCE81EBA22A30072748F /* AppDelegate.swift in Sources */ = {isa = PBXBuildFile; fileRef = 2DA2BCE71EBA22A30072748F /* AppDelegate.swift */; };
		2DA2BCEA1EBA22A30072748F /* ViewController.swift in Sources */ = {isa = PBXBuildFile; fileRef = 2DA2BCE91EBA22A30072748F /* ViewController.swift */; };
		2DA2BCED1EBA22A30072748F /* Main.storyboard in Resources */ = {isa = PBXBuildFile; fileRef = 2DA2BCEB1EBA22A30072748F /* Main.storyboard */; };
		2DA2BCEF1EBA22A30072748F /* Assets.xcassets in Resources */ = {isa = PBXBuildFile; fileRef = 2DA2BCEE1EBA22A30072748F /* Assets.xcassets */; };
		2DA2BCF21EBA22A30072748F /* LaunchScreen.storyboard in Resources */ = {isa = PBXBuildFile; fileRef = 2DA2BCF01EBA22A30072748F /* LaunchScreen.storyboard */; };
/* End PBXBuildFile section */

/* Begin PBXFileReference section */
		2DA2BCE41EBA22A30072748F /* Adogtame.app */ = {isa = PBXFileReference; explicitFileType = wrapper.application; includeInIndex = 0; path = Adogtame.app; sourceTree = BUILT_PRODUCTS_DIR; };
		2DA2BCE71EBA22A30072748F /* AppDelegate.swift */ = {isa = PBXFileReference; lastKnownFileType = sourcecode.swift; path = AppDelegate.swift; sourceTree = "<group>"; };
		2DA2BCE91EBA22A30072748F /* ViewController.swift */ = {isa = PBXFileReference; lastKnownFileType = sourcecode.swift; path = ViewController.swift; sourceTree = "<group>"; };
		2DA2BCEC1EBA22A30072748F /* Base */ = {isa = PBXFileReference; lastKnownFileType = file.storyboard; name = Base; path = Base.lproj/Main.storyboard; sourceTree = "<group>"; };
		2DA2BCEE1EBA22A30072748F /* Assets.xcassets */ = {isa = PBXFileReference; lastKnownFileType = folder.assetcatalog; path = Assets.xcassets; sourceTree = "<group>"; };
		2DA2BCF11EBA22A30072748F /* Base */ = {isa = PBXFileReference; lastKnownFileType = file.storyboard; name = Base; path = Base.lproj/LaunchScreen.storyboard; sourceTree = "<group>"; };
		2DA2BCF31EBA22A30072748F /* Info.plist */ = {isa = PBXFileReference; lastKnownFileType = text.plist.xml; path = Info.plist; sourceTree = "<group>"; };
/* End PBXFileReference section */

/* Begin PBXFrameworksBuildPhase section */
		2DA2BCE11EBA22A20072748F /* Frameworks */ = {
			isa = PBXFrameworksBuildPhase;
			buildActionMask = 2147483647;
			files = (
			);
			runOnlyForDeploymentPostprocessing = 0;
		};
/* End PBXFrameworksBuildPhase section */

/* Begin PBXGroup section */
		2DA2BCDB1EBA22A20072748F = {
			isa = PBXGroup;
			children = (
				2DA2BCE61EBA22A30072748F /* Adogtame */,
				2DA2BCE51EBA22A30072748F /* Products */,
			);
			sourceTree = "<group>";
		};
		2DA2BCE51EBA22A30072748F /* Products */ = {
			isa = PBXGroup;
			children = (
				2DA2BCE41EBA22A30072748F /* Adogtame.app */,
			);
			name = Products;
			sourceTree = "<group>";
		};
		2DA2BCE61EBA22A30072748F /* Adogtame */ = {
			isa = PBXGroup;
			children = (
				2DA2BCE71EBA22A30072748F /* AppDelegate.swift */,
				2DA2BCE91EBA22A30072748F /* ViewController.swift */,
				2DA2BCEB1EBA22A30072748F /* Main.storyboard */,
				2DA2BCEE1EBA22A30072748F /* Assets.xcassets */,
				2DA2BCF01EBA22A30072748F /* LaunchScreen.storyboard */,
				2DA2BCF31EBA22A30072748F /* Info.plist */,
			);
			path = Adogtame;
			sourceTree = "<group>";
		};
/* End PBXGroup section */

/* Begin PBXNativeTarget section */
		2DA2BCE31EBA22A20072748F /* Adogtame */ = {
			isa = PBXNativeTarget;
			buildConfigurationList = 2DA2BCF61EBA22A30072748F /* Build configuration list for PBXNativeTarget "Adogtame" */;
			buildPhases = (
				2DA2BCE01EBA22A20072748F /* Sources */,
				2DA2BCE11EBA22A20072748F /* Frameworks */,
				2DA2BCE21EBA22A20072748F /* Resources */,
			);
			buildRules = (
			);
			dependencies = (
			);
			name = Adogtame;
			productName = Adogtame;
			productReference = 2DA2BCE41EBA22A30072748F /* Adogtame.app */;
			productType = "com.apple.product-type.application";
		};
/* End PBXNativeTarget section */

/* Begin PBXProject section */
		2DA2BCDC1EBA22A20072748F /* Project object */ = {
			isa = PBXProject;
			attributes = {
				LastSwiftUpdateCheck = 0830;
				LastUpgradeCheck = 0830;
				ORGANIZATIONNAME = "Anita Martínez";
				TargetAttributes = {
					2DA2BCE31EBA22A20072748F = {
						CreatedOnToolsVersion = 8.3;
						ProvisioningStyle = Automatic;
					};
				};
			};
			buildConfigurationList = 2DA2BCDF1EBA22A20072748F /* Build configuration list for PBXProject "Adogtame" */;
			compatibilityVersion = "Xcode 3.2";
			developmentRegion = English;
			hasScannedForEncodings = 0;
			knownRegions = (
				en,
				Base,
			);
			mainGroup = 2DA2BCDB1EBA22A20072748F;
			productRefGroup = 2DA2BCE51EBA22A30072748F /* Products */;
			projectDirPath = "";
			projectRoot = "";
			targets = (
				2DA2BCE31EBA22A20072748F /* Adogtame */,
			);
		};
/* End PBXProject section */

/* Begin PBXResourcesBuildPhase section */
		2DA2BCE21EBA22A20072748F /* Resources */ = {
			isa = PBXResourcesBuildPhase;
			buildActionMask = 2147483647;
			files = (
				2DA2BCF21EBA22A30072748F /* LaunchScreen.storyboard in Resources */,
				2DA2BCEF1EBA22A30072748F /* Assets.xcassets in Resources */,
				2DA2BCED1EBA22A30072748F /* Main.storyboard in Resources */,
			);
			runOnlyForDeploymentPostprocessing = 0;
		};
/* End PBXResourcesBuildPhase section */

/* Begin PBXSourcesBuildPhase section */
		2DA2BCE01EBA22A20072748F /* Sources */ = {
			isa = PBXSourcesBuildPhase;
			buildActionMask = 2147483647;
			files = (
				2DA2BCEA1EBA22A30072748F /* ViewController.swift in Sources */,
				2DA2BCE81EBA22A30072748F /* AppDelegate.swift in Sources */,
			);
			runOnlyForDeploymentPostprocessing = 0;
		};
/* End PBXSourcesBuildPhase section */

/* Begin PBXVariantGroup section */
		2DA2BCEB1EBA22A30072748F /* Main.storyboard */ = {
			isa = PBXVariantGroup;
			children = (
				2DA2BCEC1EBA22A30072748F /* Base */,
			);
			name = Main.storyboard;
			sourceTree = "<group>";
		};
		2DA2BCF01EBA22A30072748F /* LaunchScreen.storyboard */ = {
			isa = PBXVariantGroup;
			children = (
				2DA2BCF11EBA22A30072748F /* Base */,
			);
			name = LaunchScreen.storyboard;
			sourceTree = "<group>";
		};
/* End PBXVariantGroup section */

/* Begin XCBuildConfiguration section */
		2DA2BCF41EBA22A30072748F /* Debug */ = {
			isa = XCBuildConfiguration;
			buildSettings = {
				ALWAYS_SEARCH_USER_PATHS = NO;
				CLANG_ANALYZER_NONNULL = YES;
				CLANG_ANALYZER_NUMBER_OBJECT_CONVERSION = YES_AGGRESSIVE;
				CLANG_CXX_LANGUAGE_STANDARD = "gnu++0x";
				CLANG_CXX_LIBRARY = "libc++";
				CLANG_ENABLE_MODULES = YES;
				CLANG_ENABLE_OBJC_ARC = YES;
				CLANG_WARN_BOOL_CONVERSION = YES;
				CLANG_WARN_CONSTANT_CONVERSION = YES;
				CLANG_WARN_DIRECT_OBJC_ISA_USAGE = YES_ERROR;
				CLANG_WARN_DOCUMENTATION_COMMENTS = YES;
				CLANG_WARN_EMPTY_BODY = YES;
				CLANG_WARN_ENUM_CONVERSION = YES;
				CLANG_WARN_INFINITE_RECURSION = YES;
				CLANG_WARN_INT_CONVERSION = YES;
				CLANG_WARN_OBJC_ROOT_CLASS = YES_ERROR;
				CLANG_WARN_SUSPICIOUS_MOVE = YES;
				CLANG_WARN_UNREACHABLE_CODE = YES;
				CLANG_WARN__DUPLICATE_METHOD_MATCH = YES;
				"CODE_SIGN_IDENTITY[sdk=iphoneos*]" = "iPhone Developer";
				COPY_PHASE_STRIP = NO;
				DEBUG_INFORMATION_FORMAT = dwarf;
				ENABLE_STRICT_OBJC_MSGSEND = YES;
				ENABLE_TESTABILITY = YES;
				GCC_C_LANGUAGE_STANDARD = gnu99;
				GCC_DYNAMIC_NO_PIC = NO;
				GCC_NO_COMMON_BLOCKS = YES;
				GCC_OPTIMIZATION_LEVEL = 0;
				GCC_PREPROCESSOR_DEFINITIONS = (
					"DEBUG=1",
					"$(inherited)",
				);
				GCC_WARN_64_TO_32_BIT_CONVERSION = YES;
				GCC_WARN_ABOUT_RETURN_TYPE = YES_ERROR;
				GCC_WARN_UNDECLARED_SELECTOR = YES;
				GCC_WARN_UNINITIALIZED_AUTOS = YES_AGGRESSIVE;
				GCC_WARN_UNUSED_FUNCTION = YES;
				GCC_WARN_UNUSED_VARIABLE = YES;
				IPHONEOS_DEPLOYMENT_TARGET = 10.3;
				MTL_ENABLE_DEBUG_INFO = YES;
				ONLY_ACTIVE_ARCH = YES;
				SDKROOT = iphoneos;
				SWIFT_ACTIVE_COMPILATION_CONDITIONS = DEBUG;
				SWIFT_OPTIMIZATION_LEVEL = "-Onone";
				TARGETED_DEVICE_FAMILY = "1,2";
			};
			name = Debug;
		};
		2DA2BCF51EBA22A30072748F /* Release */ = {
			isa = XCBuildConfiguration;
			buildSettings = {
				ALWAYS_SEARCH_USER_PATHS = NO;
				CLANG_ANALYZER_NONNULL = YES;
				CLANG_ANALYZER_NUMBER_OBJECT_CONVERSION = YES_AGGRESSIVE;
				CLANG_CXX_LANGUAGE_STANDARD = "gnu++0x";
				CLANG_CXX_LIBRARY = "libc++";
				CLANG_ENABLE_MODULES = YES;
				CLANG_ENABLE_OBJC_ARC = YES;
				CLANG_WARN_BOOL_CONVERSION = YES;
				CLANG_WARN_CONSTANT_CONVERSION = YES;
				CLANG_WARN_DIRECT_OBJC_ISA_USAGE = YES_ERROR;
				CLANG_WARN_DOCUMENTATION_COMMENTS = YES;
				CLANG_WARN_EMPTY_BODY = YES;
				CLANG_WARN_ENUM_CONVERSION = YES;
				CLANG_WARN_INFINITE_RECURSION = YES;
				CLANG_WARN_INT_CONVERSION = YES;
				CLANG_WARN_OBJC_ROOT_CLASS = YES_ERROR;
				CLANG_WARN_SUSPICIOUS_MOVE = YES;
				CLANG_WARN_UNREACHABLE_CODE = YES;
				CLANG_WARN__DUPLICATE_METHOD_MATCH = YES;
				"CODE_SIGN_IDENTITY[sdk=iphoneos*]" = "iPhone Developer";
				COPY_PHASE_STRIP = NO;
				DEBUG_INFORMATION_FORMAT = "dwarf-with-dsym";
				ENABLE_NS_ASSERTIONS = NO;
				ENABLE_STRICT_OBJC_MSGSEND = YES;
				GCC_C_LANGUAGE_STANDARD = gnu99;
				GCC_NO_COMMON_BLOCKS = YES;
				GCC_WARN_64_TO_32_BIT_CONVERSION = YES;
				GCC_WARN_ABOUT_RETURN_TYPE = YES_ERROR;
				GCC_WARN_UNDECLARED_SELECTOR = YES;
				GCC_WARN_UNINITIALIZED_AUTOS = YES_AGGRESSIVE;
				GCC_WARN_UNUSED_FUNCTION = YES;
				GCC_WARN_UNUSED_VARIABLE = YES;
				IPHONEOS_DEPLOYMENT_TARGET = 10.3;
				MTL_ENABLE_DEBUG_INFO = NO;
				SDKROOT = iphoneos;
				SWIFT_OPTIMIZATION_LEVEL = "-Owholemodule";
				TARGETED_DEVICE_FAMILY = "1,2";
				VALIDATE_PRODUCT = YES;
			};
			name = Release;
		};
		2DA2BCF71EBA22A30072748F /* Debug */ = {
			isa = XCBuildConfiguration;
			buildSettings = {
				ASSETCATALOG_COMPILER_APPICON_NAME = AppIcon;
				INFOPLIST_FILE = Adogtame/Info.plist;
				LD_RUNPATH_SEARCH_PATHS = "$(inherited) @executable_path/Frameworks";
				PRODUCT_BUNDLE_IDENTIFIER = unicauca.Adogtame;
				PRODUCT_NAME = "$(TARGET_NAME)";
				SWIFT_VERSION = 3.0;
			};
			name = Debug;
		};
		2DA2BCF81EBA22A30072748F /* Release */ = {
			isa = XCBuildConfiguration;
			buildSettings = {
				ASSETCATALOG_COMPILER_APPICON_NAME = AppIcon;
				INFOPLIST_FILE = Adogtame/Info.plist;
				LD_RUNPATH_SEARCH_PATHS = "$(inherited) @executable_path/Frameworks";
				PRODUCT_BUNDLE_IDENTIFIER = unicauca.Adogtame;
				PRODUCT_NAME = "$(TARGET_NAME)";
				SWIFT_VERSION = 3.0;
			};
			name = Release;
		};
/* End XCBuildConfiguration section */

/* Begin XCConfigurationList section */
		2DA2BCDF1EBA22A20072748F /* Build configuration list for PBXProject "Adogtame" */ = {
			isa = XCConfigurationList;
			buildConfigurations = (
				2DA2BCF41EBA22A30072748F /* Debug */,
				2DA2BCF51EBA22A30072748F /* Release */,
			);
			defaultConfigurationIsVisible = 0;
			defaultConfigurationName = Release;
		};
		2DA2BCF61EBA22A30072748F /* Build configuration list for PBXNativeTarget "Adogtame" */ = {
			isa = XCConfigurationList;
			buildConfigurations = (
				2DA2BCF71EBA22A30072748F /* Debug */,
				2DA2BCF81EBA22A30072748F /* Release */,
			);
			defaultConfigurationIsVisible = 0;
		};
/* End XCConfigurationList section */
	};
	rootObject = 2DA2BCDC1EBA22A20072748F /* Project object */;
}
