// !$*UTF8*$!
{
	archiveVersion = 1;
	classes = {
	};
	objectVersion = 46;
	objects = {

/* Begin PBXBuildFile section */
		2D253CC71EC0EF47007E2C95 /* avatar.png in Resources */ = {isa = PBXBuildFile; fileRef = 2D253CBF1EC0EF47007E2C95 /* avatar.png */; };
		2D253CC81EC0EF47007E2C95 /* dollar-coins.png in Resources */ = {isa = PBXBuildFile; fileRef = 2D253CC01EC0EF47007E2C95 /* dollar-coins.png */; };
		2D253CC91EC0EF47007E2C95 /* history.png in Resources */ = {isa = PBXBuildFile; fileRef = 2D253CC11EC0EF47007E2C95 /* history.png */; };
		2D253CCA1EC0EF47007E2C95 /* house-sale-agreement.png in Resources */ = {isa = PBXBuildFile; fileRef = 2D253CC21EC0EF47007E2C95 /* house-sale-agreement.png */; };
		2D253CCB1EC0EF47007E2C95 /* house.png in Resources */ = {isa = PBXBuildFile; fileRef = 2D253CC31EC0EF47007E2C95 /* house.png */; };
		2D253CCC1EC0EF47007E2C95 /* padlock.png in Resources */ = {isa = PBXBuildFile; fileRef = 2D253CC41EC0EF47007E2C95 /* padlock.png */; };
		2D253CCD1EC0EF47007E2C95 /* paw-print-.png in Resources */ = {isa = PBXBuildFile; fileRef = 2D253CC51EC0EF47007E2C95 /* paw-print-.png */; };
		2D253CCE1EC0EF47007E2C95 /* phone-contact.png in Resources */ = {isa = PBXBuildFile; fileRef = 2D253CC61EC0EF47007E2C95 /* phone-contact.png */; };
		2D9112961EBB7EED00745AA6 /* DonacionesCell.swift in Sources */ = {isa = PBXBuildFile; fileRef = 2D9112951EBB7EED00745AA6 /* DonacionesCell.swift */; };
		2D9112981EBB7F5500745AA6 /* DonacionesViewController.swift in Sources */ = {isa = PBXBuildFile; fileRef = 2D9112971EBB7F5500745AA6 /* DonacionesViewController.swift */; };
		2DA2BCE81EBA22A30072748F /* AppDelegate.swift in Sources */ = {isa = PBXBuildFile; fileRef = 2DA2BCE71EBA22A30072748F /* AppDelegate.swift */; };
		2DA2BCEA1EBA22A30072748F /* ViewController.swift in Sources */ = {isa = PBXBuildFile; fileRef = 2DA2BCE91EBA22A30072748F /* ViewController.swift */; };
		2DA2BCED1EBA22A30072748F /* Main.storyboard in Resources */ = {isa = PBXBuildFile; fileRef = 2DA2BCEB1EBA22A30072748F /* Main.storyboard */; };
		2DA2BCEF1EBA22A30072748F /* Assets.xcassets in Resources */ = {isa = PBXBuildFile; fileRef = 2DA2BCEE1EBA22A30072748F /* Assets.xcassets */; };
		2DA2BCF21EBA22A30072748F /* LaunchScreen.storyboard in Resources */ = {isa = PBXBuildFile; fileRef = 2DA2BCF01EBA22A30072748F /* LaunchScreen.storyboard */; };
		2DA2BCFA1EBA318A0072748F /* Catalogo.storyboard in Resources */ = {isa = PBXBuildFile; fileRef = 2DA2BCF91EBA318A0072748F /* Catalogo.storyboard */; };
		2DBC3B491EBB5D16007AD6FE /* CatalogoViewController.swift in Sources */ = {isa = PBXBuildFile; fileRef = 2DBC3B481EBB5D16007AD6FE /* CatalogoViewController.swift */; };
		2DBC3B4C1EBB5F3E007AD6FE /* Mascota.swift in Sources */ = {isa = PBXBuildFile; fileRef = 2DBC3B4B1EBB5F3E007AD6FE /* Mascota.swift */; };
		2DBC3B4F1EBB652D007AD6FE /* CatalogoCell.swift in Sources */ = {isa = PBXBuildFile; fileRef = 2DBC3B4E1EBB652D007AD6FE /* CatalogoCell.swift */; };
		2DC562FA1EBACC0900B68AE3 /* RegistroViewController.swift in Sources */ = {isa = PBXBuildFile; fileRef = 2DC562F91EBACC0900B68AE3 /* RegistroViewController.swift */; };
		2DDE2ED21EBBDCA000E9835A /* DetailCatalogo.storyboard in Resources */ = {isa = PBXBuildFile; fileRef = 2DDE2ED11EBBDCA000E9835A /* DetailCatalogo.storyboard */; };
		2DDE2ED41EBBE16800E9835A /* DetailCatalogoViewController.swift in Sources */ = {isa = PBXBuildFile; fileRef = 2DDE2ED31EBBE16800E9835A /* DetailCatalogoViewController.swift */; };
		2DE6DCF61EBD2D9600E718F6 /* SeguimientoCell.swift in Sources */ = {isa = PBXBuildFile; fileRef = 2DE6DCF51EBD2D9600E718F6 /* SeguimientoCell.swift */; };
		2DE6DCF81EBD2DD000E718F6 /* SeguimientoViewController.swift in Sources */ = {isa = PBXBuildFile; fileRef = 2DE6DCF71EBD2DD000E718F6 /* SeguimientoViewController.swift */; };
		2DFF7F651EBB92D200E41236 /* Fundaciones.swift in Sources */ = {isa = PBXBuildFile; fileRef = 2DFF7F641EBB92D200E41236 /* Fundaciones.swift */; };
		2DFF7F871EBBA2A500E41236 /* VoluntariadoCell.swift in Sources */ = {isa = PBXBuildFile; fileRef = 2DFF7F861EBBA2A500E41236 /* VoluntariadoCell.swift */; };
		2DFF7F891EBBA2E300E41236 /* VoluntariadoViewController.swift in Sources */ = {isa = PBXBuildFile; fileRef = 2DFF7F881EBBA2E300E41236 /* VoluntariadoViewController.swift */; };
		ACB66F910D487DB29B9DD7FB /* Pods_Adogtame.framework in Frameworks */ = {isa = PBXBuildFile; fileRef = 59FA7C6F429958253E927CE2 /* Pods_Adogtame.framework */; };
/* End PBXBuildFile section */

/* Begin PBXFileReference section */
		2D253CBF1EC0EF47007E2C95 /* avatar.png */ = {isa = PBXFileReference; lastKnownFileType = image.png; path = avatar.png; sourceTree = "<group>"; };
		2D253CC01EC0EF47007E2C95 /* dollar-coins.png */ = {isa = PBXFileReference; lastKnownFileType = image.png; path = "dollar-coins.png"; sourceTree = "<group>"; };
		2D253CC11EC0EF47007E2C95 /* history.png */ = {isa = PBXFileReference; lastKnownFileType = image.png; path = history.png; sourceTree = "<group>"; };
		2D253CC21EC0EF47007E2C95 /* house-sale-agreement.png */ = {isa = PBXFileReference; lastKnownFileType = image.png; path = "house-sale-agreement.png"; sourceTree = "<group>"; };
		2D253CC31EC0EF47007E2C95 /* house.png */ = {isa = PBXFileReference; lastKnownFileType = image.png; path = house.png; sourceTree = "<group>"; };
		2D253CC41EC0EF47007E2C95 /* padlock.png */ = {isa = PBXFileReference; lastKnownFileType = image.png; path = padlock.png; sourceTree = "<group>"; };
		2D253CC51EC0EF47007E2C95 /* paw-print-.png */ = {isa = PBXFileReference; lastKnownFileType = image.png; path = "paw-print-.png"; sourceTree = "<group>"; };
		2D253CC61EC0EF47007E2C95 /* phone-contact.png */ = {isa = PBXFileReference; lastKnownFileType = image.png; path = "phone-contact.png"; sourceTree = "<group>"; };
		2D9112951EBB7EED00745AA6 /* DonacionesCell.swift */ = {isa = PBXFileReference; fileEncoding = 4; lastKnownFileType = sourcecode.swift; path = DonacionesCell.swift; sourceTree = "<group>"; };
		2D9112971EBB7F5500745AA6 /* DonacionesViewController.swift */ = {isa = PBXFileReference; fileEncoding = 4; lastKnownFileType = sourcecode.swift; path = DonacionesViewController.swift; sourceTree = "<group>"; };
		2DA2BCE41EBA22A30072748F /* Adogtame.app */ = {isa = PBXFileReference; explicitFileType = wrapper.application; includeInIndex = 0; path = Adogtame.app; sourceTree = BUILT_PRODUCTS_DIR; };
		2DA2BCE71EBA22A30072748F /* AppDelegate.swift */ = {isa = PBXFileReference; lastKnownFileType = sourcecode.swift; path = AppDelegate.swift; sourceTree = "<group>"; };
		2DA2BCE91EBA22A30072748F /* ViewController.swift */ = {isa = PBXFileReference; lastKnownFileType = sourcecode.swift; path = ViewController.swift; sourceTree = "<group>"; };
		2DA2BCEC1EBA22A30072748F /* Base */ = {isa = PBXFileReference; lastKnownFileType = file.storyboard; name = Base; path = Base.lproj/Main.storyboard; sourceTree = "<group>"; };
		2DA2BCEE1EBA22A30072748F /* Assets.xcassets */ = {isa = PBXFileReference; lastKnownFileType = folder.assetcatalog; path = Assets.xcassets; sourceTree = "<group>"; };
		2DA2BCF11EBA22A30072748F /* Base */ = {isa = PBXFileReference; lastKnownFileType = file.storyboard; name = Base; path = Base.lproj/LaunchScreen.storyboard; sourceTree = "<group>"; };
		2DA2BCF31EBA22A30072748F /* Info.plist */ = {isa = PBXFileReference; lastKnownFileType = text.plist.xml; path = Info.plist; sourceTree = "<group>"; };
		2DA2BCF91EBA318A0072748F /* Catalogo.storyboard */ = {isa = PBXFileReference; fileEncoding = 4; lastKnownFileType = file.storyboard; path = Catalogo.storyboard; sourceTree = "<group>"; };
		2DBC3B481EBB5D16007AD6FE /* CatalogoViewController.swift */ = {isa = PBXFileReference; fileEncoding = 4; lastKnownFileType = sourcecode.swift; path = CatalogoViewController.swift; sourceTree = "<group>"; };
		2DBC3B4B1EBB5F3E007AD6FE /* Mascota.swift */ = {isa = PBXFileReference; fileEncoding = 4; lastKnownFileType = sourcecode.swift; path = Mascota.swift; sourceTree = "<group>"; };
		2DBC3B4E1EBB652D007AD6FE /* CatalogoCell.swift */ = {isa = PBXFileReference; fileEncoding = 4; lastKnownFileType = sourcecode.swift; path = CatalogoCell.swift; sourceTree = "<group>"; };
		2DC562F91EBACC0900B68AE3 /* RegistroViewController.swift */ = {isa = PBXFileReference; fileEncoding = 4; lastKnownFileType = sourcecode.swift; path = RegistroViewController.swift; sourceTree = "<group>"; };
		2DDE2ED11EBBDCA000E9835A /* DetailCatalogo.storyboard */ = {isa = PBXFileReference; fileEncoding = 4; lastKnownFileType = file.storyboard; path = DetailCatalogo.storyboard; sourceTree = "<group>"; };
		2DDE2ED31EBBE16800E9835A /* DetailCatalogoViewController.swift */ = {isa = PBXFileReference; fileEncoding = 4; lastKnownFileType = sourcecode.swift; path = DetailCatalogoViewController.swift; sourceTree = "<group>"; };
		2DE6DCF51EBD2D9600E718F6 /* SeguimientoCell.swift */ = {isa = PBXFileReference; fileEncoding = 4; lastKnownFileType = sourcecode.swift; path = SeguimientoCell.swift; sourceTree = "<group>"; };
		2DE6DCF71EBD2DD000E718F6 /* SeguimientoViewController.swift */ = {isa = PBXFileReference; fileEncoding = 4; lastKnownFileType = sourcecode.swift; path = SeguimientoViewController.swift; sourceTree = "<group>"; };
		2DFF7F641EBB92D200E41236 /* Fundaciones.swift */ = {isa = PBXFileReference; fileEncoding = 4; lastKnownFileType = sourcecode.swift; path = Fundaciones.swift; sourceTree = "<group>"; };
		2DFF7F861EBBA2A500E41236 /* VoluntariadoCell.swift */ = {isa = PBXFileReference; fileEncoding = 4; lastKnownFileType = sourcecode.swift; path = VoluntariadoCell.swift; sourceTree = "<group>"; };
		2DFF7F881EBBA2E300E41236 /* VoluntariadoViewController.swift */ = {isa = PBXFileReference; fileEncoding = 4; lastKnownFileType = sourcecode.swift; path = VoluntariadoViewController.swift; sourceTree = "<group>"; };
		308CF98E0346024F71033156 /* Pods-Adogtame.release.xcconfig */ = {isa = PBXFileReference; includeInIndex = 1; lastKnownFileType = text.xcconfig; name = "Pods-Adogtame.release.xcconfig"; path = "Pods/Target Support Files/Pods-Adogtame/Pods-Adogtame.release.xcconfig"; sourceTree = "<group>"; };
		59FA7C6F429958253E927CE2 /* Pods_Adogtame.framework */ = {isa = PBXFileReference; explicitFileType = wrapper.framework; includeInIndex = 0; path = Pods_Adogtame.framework; sourceTree = BUILT_PRODUCTS_DIR; };
		EB56D55CF8D8A4DC35423BA3 /* Pods-Adogtame.debug.xcconfig */ = {isa = PBXFileReference; includeInIndex = 1; lastKnownFileType = text.xcconfig; name = "Pods-Adogtame.debug.xcconfig"; path = "Pods/Target Support Files/Pods-Adogtame/Pods-Adogtame.debug.xcconfig"; sourceTree = "<group>"; };
/* End PBXFileReference section */

/* Begin PBXFrameworksBuildPhase section */
		2DA2BCE11EBA22A20072748F /* Frameworks */ = {
			isa = PBXFrameworksBuildPhase;
			buildActionMask = 2147483647;
			files = (
				ACB66F910D487DB29B9DD7FB /* Pods_Adogtame.framework in Frameworks */,
			);
			runOnlyForDeploymentPostprocessing = 0;
		};
/* End PBXFrameworksBuildPhase section */

/* Begin PBXGroup section */
		2DA2BCDB1EBA22A20072748F = {
			isa = PBXGroup;
			children = (
				2DA2BCE61EBA22A30072748F /* Adogtame */,
				2DA2BCE51EBA22A30072748F /* Products */,
				ACC2A122FE31A24017782DF2 /* Pods */,
				991C883368F7A55DD5EE037A /* Frameworks */,
			);
			sourceTree = "<group>";
		};
		2DA2BCE51EBA22A30072748F /* Products */ = {
			isa = PBXGroup;
			children = (
				2DA2BCE41EBA22A30072748F /* Adogtame.app */,
			);
			name = Products;
			sourceTree = "<group>";
		};
		2DA2BCE61EBA22A30072748F /* Adogtame */ = {
			isa = PBXGroup;
			children = (
				2DE6DCF41EBD2C5700E718F6 /* Net */,
				2DBC3B4D1EBB64FD007AD6FE /* Cells */,
				2DBC3B4A1EBB5F20007AD6FE /* Models */,
				2DBC3B331EBB5770007AD6FE /* Imagenes */,
				2DA2BCE71EBA22A30072748F /* AppDelegate.swift */,
				2DA2BCE91EBA22A30072748F /* ViewController.swift */,
				2DA2BCEB1EBA22A30072748F /* Main.storyboard */,
				2DA2BCEE1EBA22A30072748F /* Assets.xcassets */,
				2DA2BCF01EBA22A30072748F /* LaunchScreen.storyboard */,
				2DA2BCF31EBA22A30072748F /* Info.plist */,
				2DA2BCF91EBA318A0072748F /* Catalogo.storyboard */,
				2DC562F91EBACC0900B68AE3 /* RegistroViewController.swift */,
				2DBC3B481EBB5D16007AD6FE /* CatalogoViewController.swift */,
				2D9112971EBB7F5500745AA6 /* DonacionesViewController.swift */,
				2DFF7F881EBBA2E300E41236 /* VoluntariadoViewController.swift */,
				2DDE2ED11EBBDCA000E9835A /* DetailCatalogo.storyboard */,
				2DDE2ED31EBBE16800E9835A /* DetailCatalogoViewController.swift */,
				2DE6DCF71EBD2DD000E718F6 /* SeguimientoViewController.swift */,
			);
			path = Adogtame;
			sourceTree = "<group>";
		};
		2DBC3B331EBB5770007AD6FE /* Imagenes */ = {
			isa = PBXGroup;
			children = (
				2D253CBF1EC0EF47007E2C95 /* avatar.png */,
				2D253CC01EC0EF47007E2C95 /* dollar-coins.png */,
				2D253CC11EC0EF47007E2C95 /* history.png */,
				2D253CC21EC0EF47007E2C95 /* house-sale-agreement.png */,
				2D253CC31EC0EF47007E2C95 /* house.png */,
				2D253CC41EC0EF47007E2C95 /* padlock.png */,
				2D253CC51EC0EF47007E2C95 /* paw-print-.png */,
				2D253CC61EC0EF47007E2C95 /* phone-contact.png */,
			);
			name = Imagenes;
			sourceTree = "<group>";
		};
		2DBC3B4A1EBB5F20007AD6FE /* Models */ = {
			isa = PBXGroup;
			children = (
				2DBC3B4B1EBB5F3E007AD6FE /* Mascota.swift */,
				2DFF7F641EBB92D200E41236 /* Fundaciones.swift */,
			);
			name = Models;
			sourceTree = "<group>";
		};
		2DBC3B4D1EBB64FD007AD6FE /* Cells */ = {
			isa = PBXGroup;
			children = (
				2DBC3B4E1EBB652D007AD6FE /* CatalogoCell.swift */,
				2D9112951EBB7EED00745AA6 /* DonacionesCell.swift */,
				2DFF7F861EBBA2A500E41236 /* VoluntariadoCell.swift */,
				2DE6DCF51EBD2D9600E718F6 /* SeguimientoCell.swift */,
			);
			name = Cells;
			sourceTree = "<group>";
		};
		2DE6DCF41EBD2C5700E718F6 /* Net */ = {
			isa = PBXGroup;
			children = (
			);
			name = Net;
			sourceTree = "<group>";
		};
		991C883368F7A55DD5EE037A /* Frameworks */ = {
			isa = PBXGroup;
			children = (
				59FA7C6F429958253E927CE2 /* Pods_Adogtame.framework */,
			);
			name = Frameworks;
			sourceTree = "<group>";
		};
		ACC2A122FE31A24017782DF2 /* Pods */ = {
			isa = PBXGroup;
			children = (
				EB56D55CF8D8A4DC35423BA3 /* Pods-Adogtame.debug.xcconfig */,
				308CF98E0346024F71033156 /* Pods-Adogtame.release.xcconfig */,
			);
			name = Pods;
			sourceTree = "<group>";
		};
/* End PBXGroup section */

/* Begin PBXNativeTarget section */
		2DA2BCE31EBA22A20072748F /* Adogtame */ = {
			isa = PBXNativeTarget;
			buildConfigurationList = 2DA2BCF61EBA22A30072748F /* Build configuration list for PBXNativeTarget "Adogtame" */;
			buildPhases = (
				23737B68131F4C7A1929E3E6 /* [CP] Check Pods Manifest.lock */,
				2DA2BCE01EBA22A20072748F /* Sources */,
				2DA2BCE11EBA22A20072748F /* Frameworks */,
				2DA2BCE21EBA22A20072748F /* Resources */,
				E85BE1CEE686011525CFE436 /* [CP] Embed Pods Frameworks */,
				8ED310AD0F56FF407B50BD25 /* [CP] Copy Pods Resources */,
			);
			buildRules = (
			);
			dependencies = (
			);
			name = Adogtame;
			productName = Adogtame;
			productReference = 2DA2BCE41EBA22A30072748F /* Adogtame.app */;
			productType = "com.apple.product-type.application";
		};
/* End PBXNativeTarget section */

/* Begin PBXProject section */
		2DA2BCDC1EBA22A20072748F /* Project object */ = {
			isa = PBXProject;
			attributes = {
				LastSwiftUpdateCheck = 0830;
				LastUpgradeCheck = 0830;
				ORGANIZATIONNAME = "Anita Martínez";
				TargetAttributes = {
					2DA2BCE31EBA22A20072748F = {
						CreatedOnToolsVersion = 8.3;
						ProvisioningStyle = Automatic;
					};
				};
			};
			buildConfigurationList = 2DA2BCDF1EBA22A20072748F /* Build configuration list for PBXProject "Adogtame" */;
			compatibilityVersion = "Xcode 3.2";
			developmentRegion = English;
			hasScannedForEncodings = 0;
			knownRegions = (
				en,
				Base,
			);
			mainGroup = 2DA2BCDB1EBA22A20072748F;
			productRefGroup = 2DA2BCE51EBA22A30072748F /* Products */;
			projectDirPath = "";
			projectRoot = "";
			targets = (
				2DA2BCE31EBA22A20072748F /* Adogtame */,
			);
		};
/* End PBXProject section */

/* Begin PBXResourcesBuildPhase section */
		2DA2BCE21EBA22A20072748F /* Resources */ = {
			isa = PBXResourcesBuildPhase;
			buildActionMask = 2147483647;
			files = (
				2D253CCD1EC0EF47007E2C95 /* paw-print-.png in Resources */,
				2D253CC91EC0EF47007E2C95 /* history.png in Resources */,
				2D253CC71EC0EF47007E2C95 /* avatar.png in Resources */,
				2D253CCE1EC0EF47007E2C95 /* phone-contact.png in Resources */,
				2D253CCB1EC0EF47007E2C95 /* house.png in Resources */,
				2DA2BCFA1EBA318A0072748F /* Catalogo.storyboard in Resources */,
				2DA2BCF21EBA22A30072748F /* LaunchScreen.storyboard in Resources */,
				2D253CCC1EC0EF47007E2C95 /* padlock.png in Resources */,
				2DA2BCEF1EBA22A30072748F /* Assets.xcassets in Resources */,
				2DDE2ED21EBBDCA000E9835A /* DetailCatalogo.storyboard in Resources */,
				2D253CCA1EC0EF47007E2C95 /* house-sale-agreement.png in Resources */,
				2D253CC81EC0EF47007E2C95 /* dollar-coins.png in Resources */,
				2DA2BCED1EBA22A30072748F /* Main.storyboard in Resources */,
			);
			runOnlyForDeploymentPostprocessing = 0;
		};
/* End PBXResourcesBuildPhase section */

/* Begin PBXShellScriptBuildPhase section */
		23737B68131F4C7A1929E3E6 /* [CP] Check Pods Manifest.lock */ = {
			isa = PBXShellScriptBuildPhase;
			buildActionMask = 2147483647;
			files = (
			);
			inputPaths = (
			);
			name = "[CP] Check Pods Manifest.lock";
			outputPaths = (
			);
			runOnlyForDeploymentPostprocessing = 0;
			shellPath = /bin/sh;
			shellScript = "diff \"${PODS_ROOT}/../Podfile.lock\" \"${PODS_ROOT}/Manifest.lock\" > /dev/null\nif [ $? != 0 ] ; then\n    # print error to STDERR\n    echo \"error: The sandbox is not in sync with the Podfile.lock. Run 'pod install' or update your CocoaPods installation.\" >&2\n    exit 1\nfi\n";
			showEnvVarsInLog = 0;
		};
		8ED310AD0F56FF407B50BD25 /* [CP] Copy Pods Resources */ = {
			isa = PBXShellScriptBuildPhase;
			buildActionMask = 2147483647;
			files = (
			);
			inputPaths = (
			);
			name = "[CP] Copy Pods Resources";
			outputPaths = (
			);
			runOnlyForDeploymentPostprocessing = 0;
			shellPath = /bin/sh;
			shellScript = "\"${SRCROOT}/Pods/Target Support Files/Pods-Adogtame/Pods-Adogtame-resources.sh\"\n";
			showEnvVarsInLog = 0;
		};
		E85BE1CEE686011525CFE436 /* [CP] Embed Pods Frameworks */ = {
			isa = PBXShellScriptBuildPhase;
			buildActionMask = 2147483647;
			files = (
			);
			inputPaths = (
			);
			name = "[CP] Embed Pods Frameworks";
			outputPaths = (
			);
			runOnlyForDeploymentPostprocessing = 0;
			shellPath = /bin/sh;
			shellScript = "\"${SRCROOT}/Pods/Target Support Files/Pods-Adogtame/Pods-Adogtame-frameworks.sh\"\n";
			showEnvVarsInLog = 0;
		};
/* End PBXShellScriptBuildPhase section */

/* Begin PBXSourcesBuildPhase section */
		2DA2BCE01EBA22A20072748F /* Sources */ = {
			isa = PBXSourcesBuildPhase;
			buildActionMask = 2147483647;
			files = (
				2DBC3B491EBB5D16007AD6FE /* CatalogoViewController.swift in Sources */,
				2DFF7F651EBB92D200E41236 /* Fundaciones.swift in Sources */,
				2DA2BCEA1EBA22A30072748F /* ViewController.swift in Sources */,
				2DFF7F871EBBA2A500E41236 /* VoluntariadoCell.swift in Sources */,
				2DC562FA1EBACC0900B68AE3 /* RegistroViewController.swift in Sources */,
				2D9112981EBB7F5500745AA6 /* DonacionesViewController.swift in Sources */,
				2DE6DCF81EBD2DD000E718F6 /* SeguimientoViewController.swift in Sources */,
				2DE6DCF61EBD2D9600E718F6 /* SeguimientoCell.swift in Sources */,
				2DBC3B4F1EBB652D007AD6FE /* CatalogoCell.swift in Sources */,
				2DA2BCE81EBA22A30072748F /* AppDelegate.swift in Sources */,
				2D9112961EBB7EED00745AA6 /* DonacionesCell.swift in Sources */,
				2DDE2ED41EBBE16800E9835A /* DetailCatalogoViewController.swift in Sources */,
				2DBC3B4C1EBB5F3E007AD6FE /* Mascota.swift in Sources */,
				2DFF7F891EBBA2E300E41236 /* VoluntariadoViewController.swift in Sources */,
			);
			runOnlyForDeploymentPostprocessing = 0;
		};
/* End PBXSourcesBuildPhase section */

/* Begin PBXVariantGroup section */
		2DA2BCEB1EBA22A30072748F /* Main.storyboard */ = {
			isa = PBXVariantGroup;
			children = (
				2DA2BCEC1EBA22A30072748F /* Base */,
			);
			name = Main.storyboard;
			sourceTree = "<group>";
		};
		2DA2BCF01EBA22A30072748F /* LaunchScreen.storyboard */ = {
			isa = PBXVariantGroup;
			children = (
				2DA2BCF11EBA22A30072748F /* Base */,
			);
			name = LaunchScreen.storyboard;
			sourceTree = "<group>";
		};
/* End PBXVariantGroup section */

/* Begin XCBuildConfiguration section */
		2DA2BCF41EBA22A30072748F /* Debug */ = {
			isa = XCBuildConfiguration;
			buildSettings = {
				ALWAYS_SEARCH_USER_PATHS = NO;
				CLANG_ANALYZER_NONNULL = YES;
				CLANG_ANALYZER_NUMBER_OBJECT_CONVERSION = YES_AGGRESSIVE;
				CLANG_CXX_LANGUAGE_STANDARD = "gnu++0x";
				CLANG_CXX_LIBRARY = "libc++";
				CLANG_ENABLE_MODULES = YES;
				CLANG_ENABLE_OBJC_ARC = YES;
				CLANG_WARN_BOOL_CONVERSION = YES;
				CLANG_WARN_CONSTANT_CONVERSION = YES;
				CLANG_WARN_DIRECT_OBJC_ISA_USAGE = YES_ERROR;
				CLANG_WARN_DOCUMENTATION_COMMENTS = YES;
				CLANG_WARN_EMPTY_BODY = YES;
				CLANG_WARN_ENUM_CONVERSION = YES;
				CLANG_WARN_INFINITE_RECURSION = YES;
				CLANG_WARN_INT_CONVERSION = YES;
				CLANG_WARN_OBJC_ROOT_CLASS = YES_ERROR;
				CLANG_WARN_SUSPICIOUS_MOVE = YES;
				CLANG_WARN_UNREACHABLE_CODE = YES;
				CLANG_WARN__DUPLICATE_METHOD_MATCH = YES;
				"CODE_SIGN_IDENTITY[sdk=iphoneos*]" = "iPhone Developer";
				COPY_PHASE_STRIP = NO;
				DEBUG_INFORMATION_FORMAT = dwarf;
				ENABLE_STRICT_OBJC_MSGSEND = YES;
				ENABLE_TESTABILITY = YES;
				GCC_C_LANGUAGE_STANDARD = gnu99;
				GCC_DYNAMIC_NO_PIC = NO;
				GCC_NO_COMMON_BLOCKS = YES;
				GCC_OPTIMIZATION_LEVEL = 0;
				GCC_PREPROCESSOR_DEFINITIONS = (
					"DEBUG=1",
					"$(inherited)",
				);
				GCC_WARN_64_TO_32_BIT_CONVERSION = YES;
				GCC_WARN_ABOUT_RETURN_TYPE = YES_ERROR;
				GCC_WARN_UNDECLARED_SELECTOR = YES;
				GCC_WARN_UNINITIALIZED_AUTOS = YES_AGGRESSIVE;
				GCC_WARN_UNUSED_FUNCTION = YES;
				GCC_WARN_UNUSED_VARIABLE = YES;
				IPHONEOS_DEPLOYMENT_TARGET = 10.3;
				MTL_ENABLE_DEBUG_INFO = YES;
				ONLY_ACTIVE_ARCH = YES;
				SDKROOT = iphoneos;
				SWIFT_ACTIVE_COMPILATION_CONDITIONS = DEBUG;
				SWIFT_OPTIMIZATION_LEVEL = "-Onone";
				TARGETED_DEVICE_FAMILY = "1,2";
			};
			name = Debug;
		};
		2DA2BCF51EBA22A30072748F /* Release */ = {
			isa = XCBuildConfiguration;
			buildSettings = {
				ALWAYS_SEARCH_USER_PATHS = NO;
				CLANG_ANALYZER_NONNULL = YES;
				CLANG_ANALYZER_NUMBER_OBJECT_CONVERSION = YES_AGGRESSIVE;
				CLANG_CXX_LANGUAGE_STANDARD = "gnu++0x";
				CLANG_CXX_LIBRARY = "libc++";
				CLANG_ENABLE_MODULES = YES;
				CLANG_ENABLE_OBJC_ARC = YES;
				CLANG_WARN_BOOL_CONVERSION = YES;
				CLANG_WARN_CONSTANT_CONVERSION = YES;
				CLANG_WARN_DIRECT_OBJC_ISA_USAGE = YES_ERROR;
				CLANG_WARN_DOCUMENTATION_COMMENTS = YES;
				CLANG_WARN_EMPTY_BODY = YES;
				CLANG_WARN_ENUM_CONVERSION = YES;
				CLANG_WARN_INFINITE_RECURSION = YES;
				CLANG_WARN_INT_CONVERSION = YES;
				CLANG_WARN_OBJC_ROOT_CLASS = YES_ERROR;
				CLANG_WARN_SUSPICIOUS_MOVE = YES;
				CLANG_WARN_UNREACHABLE_CODE = YES;
				CLANG_WARN__DUPLICATE_METHOD_MATCH = YES;
				"CODE_SIGN_IDENTITY[sdk=iphoneos*]" = "iPhone Developer";
				COPY_PHASE_STRIP = NO;
				DEBUG_INFORMATION_FORMAT = "dwarf-with-dsym";
				ENABLE_NS_ASSERTIONS = NO;
				ENABLE_STRICT_OBJC_MSGSEND = YES;
				GCC_C_LANGUAGE_STANDARD = gnu99;
				GCC_NO_COMMON_BLOCKS = YES;
				GCC_WARN_64_TO_32_BIT_CONVERSION = YES;
				GCC_WARN_ABOUT_RETURN_TYPE = YES_ERROR;
				GCC_WARN_UNDECLARED_SELECTOR = YES;
				GCC_WARN_UNINITIALIZED_AUTOS = YES_AGGRESSIVE;
				GCC_WARN_UNUSED_FUNCTION = YES;
				GCC_WARN_UNUSED_VARIABLE = YES;
				IPHONEOS_DEPLOYMENT_TARGET = 10.3;
				MTL_ENABLE_DEBUG_INFO = NO;
				SDKROOT = iphoneos;
				SWIFT_OPTIMIZATION_LEVEL = "-Owholemodule";
				TARGETED_DEVICE_FAMILY = "1,2";
				VALIDATE_PRODUCT = YES;
			};
			name = Release;
		};
		2DA2BCF71EBA22A30072748F /* Debug */ = {
			isa = XCBuildConfiguration;
			baseConfigurationReference = EB56D55CF8D8A4DC35423BA3 /* Pods-Adogtame.debug.xcconfig */;
			buildSettings = {
				ASSETCATALOG_COMPILER_APPICON_NAME = AppIcon;
				INFOPLIST_FILE = Adogtame/Info.plist;
				LD_RUNPATH_SEARCH_PATHS = "$(inherited) @executable_path/Frameworks";
				PRODUCT_BUNDLE_IDENTIFIER = unicauca.Adogtame;
				PRODUCT_NAME = "$(TARGET_NAME)";
				SWIFT_VERSION = 3.0;
			};
			name = Debug;
		};
		2DA2BCF81EBA22A30072748F /* Release */ = {
			isa = XCBuildConfiguration;
			baseConfigurationReference = 308CF98E0346024F71033156 /* Pods-Adogtame.release.xcconfig */;
			buildSettings = {
				ASSETCATALOG_COMPILER_APPICON_NAME = AppIcon;
				INFOPLIST_FILE = Adogtame/Info.plist;
				LD_RUNPATH_SEARCH_PATHS = "$(inherited) @executable_path/Frameworks";
				PRODUCT_BUNDLE_IDENTIFIER = unicauca.Adogtame;
				PRODUCT_NAME = "$(TARGET_NAME)";
				SWIFT_VERSION = 3.0;
			};
			name = Release;
		};
/* End XCBuildConfiguration section */

/* Begin XCConfigurationList section */
		2DA2BCDF1EBA22A20072748F /* Build configuration list for PBXProject "Adogtame" */ = {
			isa = XCConfigurationList;
			buildConfigurations = (
				2DA2BCF41EBA22A30072748F /* Debug */,
				2DA2BCF51EBA22A30072748F /* Release */,
			);
			defaultConfigurationIsVisible = 0;
			defaultConfigurationName = Release;
		};
		2DA2BCF61EBA22A30072748F /* Build configuration list for PBXNativeTarget "Adogtame" */ = {
			isa = XCConfigurationList;
			buildConfigurations = (
				2DA2BCF71EBA22A30072748F /* Debug */,
				2DA2BCF81EBA22A30072748F /* Release */,
			);
			defaultConfigurationIsVisible = 0;
			defaultConfigurationName = Release;
		};
/* End XCConfigurationList section */
	};
	rootObject = 2DA2BCDC1EBA22A20072748F /* Project object */;
}
